
Microsoft Visual Studio Solution File, Format Version 12.00
# Visual Studio Version 16
VisualStudioVersion = 16.0.33214.272
MinimumVisualStudioVersion = 10.0.40219.1
Project("{FAE04EC0-301F-11D3-BF4B-00C04F79EFBC}") = "CalcApp", "CalcApp.csproj", "{20DA958C-5A04-4609-B9C1-EBC3A0551216}"
EndProject
Global
	GlobalSection(SolutionConfigurationPlatforms) = preSolution
		Debug|Any CPU = Debug|Any CPU
		Release|Any CPU = Release|Any CPU
	EndGlobalSection
	GlobalSection(ProjectConfigurationPlatforms) = postSolution
		{20DA958C-5A04-4609-B9C1-EBC3A0551216}.Debug|Any CPU.ActiveCfg = Debug|Any CPU
		{20DA958C-5A04-4609-B9C1-EBC3A0551216}.Debug|Any CPU.Build.0 = Debug|Any CPU
		{20DA958C-5A04-4609-B9C1-EBC3A0551216}.Release|Any CPU.ActiveCfg = Release|Any CPU
		{20DA958C-5A04-4609-B9C1-EBC3A0551216}.Release|Any CPU.Build.0 = Release|Any CPU
	EndGlobalSection
	GlobalSection(SolutionProperties) = preSolution
		HideSolutionNode = FALSE
	EndGlobalSection
	GlobalSection(ExtensibilityGlobals) = postSolution
		SolutionGuid = {A2F82D32-121A-44DA-BC5F-17A5C0B6C3D4}
	EndGlobalSection
EndGlobal
